<?xml version="1.0" encoding="utf-8"?>
<Project ToolsVersion="4.0" xmlns="http://schemas.microsoft.com/developer/msbuild/2003">
  <ItemGroup>
    <ClCompile Include="Console.cpp" />
    <ClCompile Include="ACHook.cpp" />
    <ClCompile Include="LDE\ld32.c">
      <Filter>LDE</Filter>
    </ClCompile>
  </ItemGroup>
  <ItemGroup>
    <ClInclude Include="Hook.h" />
    <ClInclude Include="def.h" />
    <ClInclude Include="Console.h" />
    <ClInclude Include="Patch.h" />
    <ClInclude Include="SmartArray.h" />
    <ClInclude Include="LDE\ld32.h">
      <Filter>LDE</Filter>
    </ClInclude>
    <ClInclude Include="AC\SDK.h">
      <Filter>SDK</Filter>
    </ClInclude>
    <ClInclude Include="AC\geom.h">
      <Filter>SDK</Filter>
    </ClInclude>
  </ItemGroup>
  <ItemGroup>
    <Filter Include="LDE">
      <UniqueIdentifier>{d25b9345-b4b1-42fc-b74b-520c9477d63a}</UniqueIdentifier>
    </Filter>
    <Filter Include="SDK">
      <UniqueIdentifier>{db62fcc2-9eb4-4cc7-819f-221983dab144}</UniqueIdentifier>
    </Filter>
  </ItemGroup>
</Project>